
Microsoft Visual Studio Solution File, Format Version 12.00
# Visual Studio Version 17
VisualStudioVersion = 17.13.35806.99 d17.13
MinimumVisualStudioVersion = 10.0.40219.1
Project("{FAE04EC0-301F-11D3-BF4B-00C04F79EFBC}") = "CapaNegocio", "CapaNegocio\CapaNegocio.csproj", "{7BF876E0-9AAD-4C90-A296-C6C2E4F1C6B8}"
EndProject
Project("{FAE04EC0-301F-11D3-BF4B-00C04F79EFBC}") = "CapaDatosValidacion", "CapaDatosValidacion\CapaDatosValidacion.csproj", "{3C5C95B4-30C8-41D1-A84F-9CF2FCFB3804}"
EndProject
Project("{FAE04EC0-301F-11D3-BF4B-00C04F79EFBC}") = "CapaDatosFasecolda", "CapaDatosFasecolda\CapaDatosFasecolda.csproj", "{D64DC0EC-A8D1-45DC-B1CB-0C7DE845E0AB}"
EndProject
Project("{FAE04EC0-301F-11D3-BF4B-00C04F79EFBC}") = "CapaPresentacion", "CapaPresentacion\CapaPresentacion.csproj", "{5186B6A3-6262-46E7-98F8-CF46C21DB583}"
EndProject
Global
	GlobalSection(SolutionConfigurationPlatforms) = preSolution
		Debug|Any CPU = Debug|Any CPU
		Release|Any CPU = Release|Any CPU
	EndGlobalSection
	GlobalSection(ProjectConfigurationPlatforms) = postSolution
		{7BF876E0-9AAD-4C90-A296-C6C2E4F1C6B8}.Debug|Any CPU.ActiveCfg = Debug|Any CPU
		{7BF876E0-9AAD-4C90-A296-C6C2E4F1C6B8}.Debug|Any CPU.Build.0 = Debug|Any CPU
		{7BF876E0-9AAD-4C90-A296-C6C2E4F1C6B8}.Release|Any CPU.ActiveCfg = Release|Any CPU
		{7BF876E0-9AAD-4C90-A296-C6C2E4F1C6B8}.Release|Any CPU.Build.0 = Release|Any CPU
		{3C5C95B4-30C8-41D1-A84F-9CF2FCFB3804}.Debug|Any CPU.ActiveCfg = Debug|Any CPU
		{3C5C95B4-30C8-41D1-A84F-9CF2FCFB3804}.Debug|Any CPU.Build.0 = Debug|Any CPU
		{3C5C95B4-30C8-41D1-A84F-9CF2FCFB3804}.Release|Any CPU.ActiveCfg = Release|Any CPU
		{3C5C95B4-30C8-41D1-A84F-9CF2FCFB3804}.Release|Any CPU.Build.0 = Release|Any CPU
		{D64DC0EC-A8D1-45DC-B1CB-0C7DE845E0AB}.Debug|Any CPU.ActiveCfg = Debug|Any CPU
		{D64DC0EC-A8D1-45DC-B1CB-0C7DE845E0AB}.Debug|Any CPU.Build.0 = Debug|Any CPU
		{D64DC0EC-A8D1-45DC-B1CB-0C7DE845E0AB}.Release|Any CPU.ActiveCfg = Release|Any CPU
		{D64DC0EC-A8D1-45DC-B1CB-0C7DE845E0AB}.Release|Any CPU.Build.0 = Release|Any CPU
		{5186B6A3-6262-46E7-98F8-CF46C21DB583}.Debug|Any CPU.ActiveCfg = Debug|Any CPU
		{5186B6A3-6262-46E7-98F8-CF46C21DB583}.Debug|Any CPU.Build.0 = Debug|Any CPU
		{5186B6A3-6262-46E7-98F8-CF46C21DB583}.Release|Any CPU.ActiveCfg = Release|Any CPU
		{5186B6A3-6262-46E7-98F8-CF46C21DB583}.Release|Any CPU.Build.0 = Release|Any CPU
	EndGlobalSection
	GlobalSection(SolutionProperties) = preSolution
		HideSolutionNode = FALSE
	EndGlobalSection
	GlobalSection(ExtensibilityGlobals) = postSolution
		SolutionGuid = {F709FD0F-EEEC-4936-986E-71A6C6B6D2FC}
	EndGlobalSection
EndGlobal
